
Microsoft Visual Studio Solution File, Format Version 12.00
# Visual Studio Version 17
VisualStudioVersion = 17.9.34622.214
MinimumVisualStudioVersion = 10.0.40219.1
Project("{FAE04EC0-301F-11D3-BF4B-00C04F79EFBC}") = "programowanieASP.NET", "programowanieASP.NET\programowanieASP.NET.csproj", "{EA22A627-30A2-4A57-80D0-DDFDA02061A5}"
EndProject
Global
	GlobalSection(SolutionConfigurationPlatforms) = preSolution
		Debug|Any CPU = Debug|Any CPU
		Release|Any CPU = Release|Any CPU
	EndGlobalSection
	GlobalSection(ProjectConfigurationPlatforms) = postSolution
		{EA22A627-30A2-4A57-80D0-DDFDA02061A5}.Debug|Any CPU.ActiveCfg = Debug|Any CPU
		{EA22A627-30A2-4A57-80D0-DDFDA02061A5}.Debug|Any CPU.Build.0 = Debug|Any CPU
		{EA22A627-30A2-4A57-80D0-DDFDA02061A5}.Release|Any CPU.ActiveCfg = Release|Any CPU
		{EA22A627-30A2-4A57-80D0-DDFDA02061A5}.Release|Any CPU.Build.0 = Release|Any CPU
	EndGlobalSection
	GlobalSection(SolutionProperties) = preSolution
		HideSolutionNode = FALSE
	EndGlobalSection
	GlobalSection(ExtensibilityGlobals) = postSolution
		SolutionGuid = {42FE9C4A-D3A3-4BF2-8417-7CFB8E7385A3}
	EndGlobalSection
EndGlobal
